// !$*UTF8*$!
{
	archiveVersion = 1;
	classes = {
	};
	objectVersion = 55;
	objects = {

/* Begin PBXBuildFile section */
		D1F69E562865103A00125B63 /* DigimarkApp.swift in Sources */ = {isa = PBXBuildFile; fileRef = D1F69E552865103A00125B63 /* DigimarkApp.swift */; };
		D1F69E582865103A00125B63 /* ContentView.swift in Sources */ = {isa = PBXBuildFile; fileRef = D1F69E572865103A00125B63 /* ContentView.swift */; };
		D1F69E5A2865103E00125B63 /* Assets.xcassets in Resources */ = {isa = PBXBuildFile; fileRef = D1F69E592865103E00125B63 /* Assets.xcassets */; };
		D1F69E5D2865103E00125B63 /* Preview Assets.xcassets in Resources */ = {isa = PBXBuildFile; fileRef = D1F69E5C2865103E00125B63 /* Preview Assets.xcassets */; };
		D1F69E67286555D400125B63 /* Constants.swift in Sources */ = {isa = PBXBuildFile; fileRef = D1F69E66286555D400125B63 /* Constants.swift */; };
		D1F69E692865696F00125B63 /* GoogleService-Info.plist in Resources */ = {isa = PBXBuildFile; fileRef = D1F69E682865696F00125B63 /* GoogleService-Info.plist */; };
		D1F69E6C28656A5400125B63 /* FirebaseAnalytics in Frameworks */ = {isa = PBXBuildFile; productRef = D1F69E6B28656A5400125B63 /* FirebaseAnalytics */; };
		D1F69E6E28656A5400125B63 /* FirebaseAuth in Frameworks */ = {isa = PBXBuildFile; productRef = D1F69E6D28656A5400125B63 /* FirebaseAuth */; };
		D1F69E7028656A5400125B63 /* FirebaseCrashlytics in Frameworks */ = {isa = PBXBuildFile; productRef = D1F69E6F28656A5400125B63 /* FirebaseCrashlytics */; };
		D1F69E7228656A5400125B63 /* FirebaseFirestore in Frameworks */ = {isa = PBXBuildFile; productRef = D1F69E7128656A5400125B63 /* FirebaseFirestore */; };
		D1F69E7428656A5400125B63 /* FirebaseStorage in Frameworks */ = {isa = PBXBuildFile; productRef = D1F69E7328656A5400125B63 /* FirebaseStorage */; };
/* End PBXBuildFile section */

/* Begin PBXFileReference section */
		D1F69E522865103A00125B63 /* Digimark.app */ = {isa = PBXFileReference; explicitFileType = wrapper.application; includeInIndex = 0; path = Digimark.app; sourceTree = BUILT_PRODUCTS_DIR; };
		D1F69E552865103A00125B63 /* DigimarkApp.swift */ = {isa = PBXFileReference; lastKnownFileType = sourcecode.swift; path = DigimarkApp.swift; sourceTree = "<group>"; };
		D1F69E572865103A00125B63 /* ContentView.swift */ = {isa = PBXFileReference; lastKnownFileType = sourcecode.swift; path = ContentView.swift; sourceTree = "<group>"; };
		D1F69E592865103E00125B63 /* Assets.xcassets */ = {isa = PBXFileReference; lastKnownFileType = folder.assetcatalog; path = Assets.xcassets; sourceTree = "<group>"; };
		D1F69E5C2865103E00125B63 /* Preview Assets.xcassets */ = {isa = PBXFileReference; lastKnownFileType = folder.assetcatalog; path = "Preview Assets.xcassets"; sourceTree = "<group>"; };
		D1F69E652865521D00125B63 /* Digimark.entitlements */ = {isa = PBXFileReference; lastKnownFileType = text.plist.entitlements; path = Digimark.entitlements; sourceTree = "<group>"; };
		D1F69E66286555D400125B63 /* Constants.swift */ = {isa = PBXFileReference; lastKnownFileType = sourcecode.swift; path = Constants.swift; sourceTree = "<group>"; };
		D1F69E682865696F00125B63 /* GoogleService-Info.plist */ = {isa = PBXFileReference; lastKnownFileType = text.plist.xml; path = "GoogleService-Info.plist"; sourceTree = SOURCE_ROOT; };
/* End PBXFileReference section */

/* Begin PBXFrameworksBuildPhase section */
		D1F69E4F2865103A00125B63 /* Frameworks */ = {
			isa = PBXFrameworksBuildPhase;
			buildActionMask = 2147483647;
			files = (
				D1F69E7028656A5400125B63 /* FirebaseCrashlytics in Frameworks */,
				D1F69E7228656A5400125B63 /* FirebaseFirestore in Frameworks */,
				D1F69E6C28656A5400125B63 /* FirebaseAnalytics in Frameworks */,
				D1F69E7428656A5400125B63 /* FirebaseStorage in Frameworks */,
				D1F69E6E28656A5400125B63 /* FirebaseAuth in Frameworks */,
			);
			runOnlyForDeploymentPostprocessing = 0;
		};
/* End PBXFrameworksBuildPhase section */

/* Begin PBXGroup section */
		D1F69E492865103A00125B63 = {
			isa = PBXGroup;
			children = (
				D1F69E682865696F00125B63 /* GoogleService-Info.plist */,
				D1F69E542865103A00125B63 /* Digimark */,
				D1F69E532865103A00125B63 /* Products */,
			);
			sourceTree = "<group>";
		};
		D1F69E532865103A00125B63 /* Products */ = {
			isa = PBXGroup;
			children = (
				D1F69E522865103A00125B63 /* Digimark.app */,
			);
			name = Products;
			sourceTree = "<group>";
		};
		D1F69E542865103A00125B63 /* Digimark */ = {
			isa = PBXGroup;
			children = (
				D1F69E652865521D00125B63 /* Digimark.entitlements */,
				D1F69E6428654F9A00125B63 /* Views */,
				D1F69E572865103A00125B63 /* ContentView.swift */,
				D1F69E6328654F9000125B63 /* Logic */,
				D1F69E552865103A00125B63 /* DigimarkApp.swift */,
				D1F69E592865103E00125B63 /* Assets.xcassets */,
				D1F69E5B2865103E00125B63 /* Preview Content */,
			);
			path = Digimark;
			sourceTree = "<group>";
		};
		D1F69E5B2865103E00125B63 /* Preview Content */ = {
			isa = PBXGroup;
			children = (
				D1F69E5C2865103E00125B63 /* Preview Assets.xcassets */,
			);
			path = "Preview Content";
			sourceTree = "<group>";
		};
		D1F69E6328654F9000125B63 /* Logic */ = {
			isa = PBXGroup;
			children = (
				D1F69E66286555D400125B63 /* Constants.swift */,
			);
			path = Logic;
			sourceTree = "<group>";
		};
		D1F69E6428654F9A00125B63 /* Views */ = {
			isa = PBXGroup;
			children = (
			);
			path = Views;
			sourceTree = "<group>";
		};
/* End PBXGroup section */

/* Begin PBXNativeTarget section */
		D1F69E512865103A00125B63 /* Digimark */ = {
			isa = PBXNativeTarget;
			buildConfigurationList = D1F69E602865103E00125B63 /* Build configuration list for PBXNativeTarget "Digimark" */;
			buildPhases = (
				D1F69E4E2865103A00125B63 /* Sources */,
				D1F69E4F2865103A00125B63 /* Frameworks */,
				D1F69E502865103A00125B63 /* Resources */,
			);
			buildRules = (
			);
			dependencies = (
			);
			name = Digimark;
			packageProductDependencies = (
				D1F69E6B28656A5400125B63 /* FirebaseAnalytics */,
				D1F69E6D28656A5400125B63 /* FirebaseAuth */,
				D1F69E6F28656A5400125B63 /* FirebaseCrashlytics */,
				D1F69E7128656A5400125B63 /* FirebaseFirestore */,
				D1F69E7328656A5400125B63 /* FirebaseStorage */,
			);
			productName = Digimark;
			productReference = D1F69E522865103A00125B63 /* Digimark.app */;
			productType = "com.apple.product-type.application";
		};
/* End PBXNativeTarget section */

/* Begin PBXProject section */
		D1F69E4A2865103A00125B63 /* Project object */ = {
			isa = PBXProject;
			attributes = {
				BuildIndependentTargetsInParallel = 1;
				LastSwiftUpdateCheck = 1340;
				LastUpgradeCheck = 1340;
				TargetAttributes = {
					D1F69E512865103A00125B63 = {
						CreatedOnToolsVersion = 13.4;
					};
				};
			};
			buildConfigurationList = D1F69E4D2865103A00125B63 /* Build configuration list for PBXProject "Digimark" */;
			compatibilityVersion = "Xcode 13.0";
			developmentRegion = en;
			hasScannedForEncodings = 0;
			knownRegions = (
				en,
				Base,
			);
			mainGroup = D1F69E492865103A00125B63;
			packageReferences = (
				D1F69E6A28656A5400125B63 /* XCRemoteSwiftPackageReference "firebase-ios-sdk" */,
			);
			productRefGroup = D1F69E532865103A00125B63 /* Products */;
			projectDirPath = "";
			projectRoot = "";
			targets = (
				D1F69E512865103A00125B63 /* Digimark */,
			);
		};
/* End PBXProject section */

/* Begin PBXResourcesBuildPhase section */
		D1F69E502865103A00125B63 /* Resources */ = {
			isa = PBXResourcesBuildPhase;
			buildActionMask = 2147483647;
			files = (
				D1F69E5D2865103E00125B63 /* Preview Assets.xcassets in Resources */,
				D1F69E5A2865103E00125B63 /* Assets.xcassets in Resources */,
				D1F69E692865696F00125B63 /* GoogleService-Info.plist in Resources */,
			);
			runOnlyForDeploymentPostprocessing = 0;
		};
/* End PBXResourcesBuildPhase section */

/* Begin PBXSourcesBuildPhase section */
		D1F69E4E2865103A00125B63 /* Sources */ = {
			isa = PBXSourcesBuildPhase;
			buildActionMask = 2147483647;
			files = (
				D1F69E582865103A00125B63 /* ContentView.swift in Sources */,
				D1F69E562865103A00125B63 /* DigimarkApp.swift in Sources */,
				D1F69E67286555D400125B63 /* Constants.swift in Sources */,
			);
			runOnlyForDeploymentPostprocessing = 0;
		};
/* End PBXSourcesBuildPhase section */

/* Begin XCBuildConfiguration section */
		D1F69E5E2865103E00125B63 /* Debug */ = {
			isa = XCBuildConfiguration;
			buildSettings = {
				ALWAYS_SEARCH_USER_PATHS = NO;
				CLANG_ANALYZER_NONNULL = YES;
				CLANG_ANALYZER_NUMBER_OBJECT_CONVERSION = YES_AGGRESSIVE;
				CLANG_CXX_LANGUAGE_STANDARD = "gnu++17";
				CLANG_ENABLE_MODULES = YES;
				CLANG_ENABLE_OBJC_ARC = YES;
				CLANG_ENABLE_OBJC_WEAK = YES;
				CLANG_WARN_BLOCK_CAPTURE_AUTORELEASING = YES;
				CLANG_WARN_BOOL_CONVERSION = YES;
				CLANG_WARN_COMMA = YES;
				CLANG_WARN_CONSTANT_CONVERSION = YES;
				CLANG_WARN_DEPRECATED_OBJC_IMPLEMENTATIONS = YES;
				CLANG_WARN_DIRECT_OBJC_ISA_USAGE = YES_ERROR;
				CLANG_WARN_DOCUMENTATION_COMMENTS = YES;
				CLANG_WARN_EMPTY_BODY = YES;
				CLANG_WARN_ENUM_CONVERSION = YES;
				CLANG_WARN_INFINITE_RECURSION = YES;
				CLANG_WARN_INT_CONVERSION = YES;
				CLANG_WARN_NON_LITERAL_NULL_CONVERSION = YES;
				CLANG_WARN_OBJC_IMPLICIT_RETAIN_SELF = YES;
				CLANG_WARN_OBJC_LITERAL_CONVERSION = YES;
				CLANG_WARN_OBJC_ROOT_CLASS = YES_ERROR;
				CLANG_WARN_QUOTED_INCLUDE_IN_FRAMEWORK_HEADER = YES;
				CLANG_WARN_RANGE_LOOP_ANALYSIS = YES;
				CLANG_WARN_STRICT_PROTOTYPES = YES;
				CLANG_WARN_SUSPICIOUS_MOVE = YES;
				CLANG_WARN_UNGUARDED_AVAILABILITY = YES_AGGRESSIVE;
				CLANG_WARN_UNREACHABLE_CODE = YES;
				CLANG_WARN__DUPLICATE_METHOD_MATCH = YES;
				COPY_PHASE_STRIP = NO;
				DEBUG_INFORMATION_FORMAT = dwarf;
				ENABLE_STRICT_OBJC_MSGSEND = YES;
				ENABLE_TESTABILITY = YES;
				GCC_C_LANGUAGE_STANDARD = gnu11;
				GCC_DYNAMIC_NO_PIC = NO;
				GCC_NO_COMMON_BLOCKS = YES;
				GCC_OPTIMIZATION_LEVEL = 0;
				GCC_PREPROCESSOR_DEFINITIONS = (
					"DEBUG=1",
					"$(inherited)",
				);
				GCC_WARN_64_TO_32_BIT_CONVERSION = YES;
				GCC_WARN_ABOUT_RETURN_TYPE = YES_ERROR;
				GCC_WARN_UNDECLARED_SELECTOR = YES;
				GCC_WARN_UNINITIALIZED_AUTOS = YES_AGGRESSIVE;
				GCC_WARN_UNUSED_FUNCTION = YES;
				GCC_WARN_UNUSED_VARIABLE = YES;
				IPHONEOS_DEPLOYMENT_TARGET = 15.5;
				MTL_ENABLE_DEBUG_INFO = INCLUDE_SOURCE;
				MTL_FAST_MATH = YES;
				ONLY_ACTIVE_ARCH = YES;
				SDKROOT = iphoneos;
				SWIFT_ACTIVE_COMPILATION_CONDITIONS = DEBUG;
				SWIFT_OPTIMIZATION_LEVEL = "-Onone";
			};
			name = Debug;
		};
		D1F69E5F2865103E00125B63 /* Release */ = {
			isa = XCBuildConfiguration;
			buildSettings = {
				ALWAYS_SEARCH_USER_PATHS = NO;
				CLANG_ANALYZER_NONNULL = YES;
				CLANG_ANALYZER_NUMBER_OBJECT_CONVERSION = YES_AGGRESSIVE;
				CLANG_CXX_LANGUAGE_STANDARD = "gnu++17";
				CLANG_ENABLE_MODULES = YES;
				CLANG_ENABLE_OBJC_ARC = YES;
				CLANG_ENABLE_OBJC_WEAK = YES;
				CLANG_WARN_BLOCK_CAPTURE_AUTORELEASING = YES;
				CLANG_WARN_BOOL_CONVERSION = YES;
				CLANG_WARN_COMMA = YES;
				CLANG_WARN_CONSTANT_CONVERSION = YES;
				CLANG_WARN_DEPRECATED_OBJC_IMPLEMENTATIONS = YES;
				CLANG_WARN_DIRECT_OBJC_ISA_USAGE = YES_ERROR;
				CLANG_WARN_DOCUMENTATION_COMMENTS = YES;
				CLANG_WARN_EMPTY_BODY = YES;
				CLANG_WARN_ENUM_CONVERSION = YES;
				CLANG_WARN_INFINITE_RECURSION = YES;
				CLANG_WARN_INT_CONVERSION = YES;
				CLANG_WARN_NON_LITERAL_NULL_CONVERSION = YES;
				CLANG_WARN_OBJC_IMPLICIT_RETAIN_SELF = YES;
				CLANG_WARN_OBJC_LITERAL_CONVERSION = YES;
				CLANG_WARN_OBJC_ROOT_CLASS = YES_ERROR;
				CLANG_WARN_QUOTED_INCLUDE_IN_FRAMEWORK_HEADER = YES;
				CLANG_WARN_RANGE_LOOP_ANALYSIS = YES;
				CLANG_WARN_STRICT_PROTOTYPES = YES;
				CLANG_WARN_SUSPICIOUS_MOVE = YES;
				CLANG_WARN_UNGUARDED_AVAILABILITY = YES_AGGRESSIVE;
				CLANG_WARN_UNREACHABLE_CODE = YES;
				CLANG_WARN__DUPLICATE_METHOD_MATCH = YES;
				COPY_PHASE_STRIP = NO;
				DEBUG_INFORMATION_FORMAT = "dwarf-with-dsym";
				ENABLE_NS_ASSERTIONS = NO;
				ENABLE_STRICT_OBJC_MSGSEND = YES;
				GCC_C_LANGUAGE_STANDARD = gnu11;
				GCC_NO_COMMON_BLOCKS = YES;
				GCC_WARN_64_TO_32_BIT_CONVERSION = YES;
				GCC_WARN_ABOUT_RETURN_TYPE = YES_ERROR;
				GCC_WARN_UNDECLARED_SELECTOR = YES;
				GCC_WARN_UNINITIALIZED_AUTOS = YES_AGGRESSIVE;
				GCC_WARN_UNUSED_FUNCTION = YES;
				GCC_WARN_UNUSED_VARIABLE = YES;
				IPHONEOS_DEPLOYMENT_TARGET = 15.5;
				MTL_ENABLE_DEBUG_INFO = NO;
				MTL_FAST_MATH = YES;
				SDKROOT = iphoneos;
				SWIFT_COMPILATION_MODE = wholemodule;
				SWIFT_OPTIMIZATION_LEVEL = "-O";
				VALIDATE_PRODUCT = YES;
			};
			name = Release;
		};
		D1F69E612865103E00125B63 /* Debug */ = {
			isa = XCBuildConfiguration;
			buildSettings = {
				ASSETCATALOG_COMPILER_APPICON_NAME = AppIcon;
				ASSETCATALOG_COMPILER_GLOBAL_ACCENT_COLOR_NAME = AccentColor;
				CODE_SIGN_ENTITLEMENTS = Digimark/Digimark.entitlements;
				CODE_SIGN_STYLE = Automatic;
				CURRENT_PROJECT_VERSION = 1;
				DEVELOPMENT_ASSET_PATHS = "\"Digimark/Preview Content\"";
				DEVELOPMENT_TEAM = G5RHMXS494;
				ENABLE_PREVIEWS = YES;
				GENERATE_INFOPLIST_FILE = YES;
				INFOPLIST_KEY_UIApplicationSceneManifest_Generation = YES;
				INFOPLIST_KEY_UIApplicationSupportsIndirectInputEvents = YES;
				INFOPLIST_KEY_UILaunchScreen_Generation = YES;
				INFOPLIST_KEY_UISupportedInterfaceOrientations_iPad = "UIInterfaceOrientationPortrait UIInterfaceOrientationPortraitUpsideDown UIInterfaceOrientationLandscapeLeft UIInterfaceOrientationLandscapeRight";
				INFOPLIST_KEY_UISupportedInterfaceOrientations_iPhone = "UIInterfaceOrientationPortrait UIInterfaceOrientationLandscapeLeft UIInterfaceOrientationLandscapeRight";
				LD_RUNPATH_SEARCH_PATHS = (
					"$(inherited)",
					"@executable_path/Frameworks",
				);
				MARKETING_VERSION = 1.0;
				PRODUCT_BUNDLE_IDENTIFIER = com.digimark.DigimarkIOS;
				PRODUCT_NAME = "$(TARGET_NAME)";
				SUPPORTS_MACCATALYST = YES;
				SWIFT_EMIT_LOC_STRINGS = YES;
				SWIFT_VERSION = 5.0;
				TARGETED_DEVICE_FAMILY = "1,2";
			};
			name = Debug;
		};
		D1F69E622865103E00125B63 /* Release */ = {
			isa = XCBuildConfiguration;
			buildSettings = {
				ASSETCATALOG_COMPILER_APPICON_NAME = AppIcon;
				ASSETCATALOG_COMPILER_GLOBAL_ACCENT_COLOR_NAME = AccentColor;
				CODE_SIGN_ENTITLEMENTS = Digimark/Digimark.entitlements;
				CODE_SIGN_STYLE = Automatic;
				CURRENT_PROJECT_VERSION = 1;
				DEVELOPMENT_ASSET_PATHS = "\"Digimark/Preview Content\"";
				DEVELOPMENT_TEAM = G5RHMXS494;
				ENABLE_PREVIEWS = YES;
				GENERATE_INFOPLIST_FILE = YES;
				INFOPLIST_KEY_UIApplicationSceneManifest_Generation = YES;
				INFOPLIST_KEY_UIApplicationSupportsIndirectInputEvents = YES;
				INFOPLIST_KEY_UILaunchScreen_Generation = YES;
				INFOPLIST_KEY_UISupportedInterfaceOrientations_iPad = "UIInterfaceOrientationPortrait UIInterfaceOrientationPortraitUpsideDown UIInterfaceOrientationLandscapeLeft UIInterfaceOrientationLandscapeRight";
				INFOPLIST_KEY_UISupportedInterfaceOrientations_iPhone = "UIInterfaceOrientationPortrait UIInterfaceOrientationLandscapeLeft UIInterfaceOrientationLandscapeRight";
				LD_RUNPATH_SEARCH_PATHS = (
					"$(inherited)",
					"@executable_path/Frameworks",
				);
				MARKETING_VERSION = 1.0;
				PRODUCT_BUNDLE_IDENTIFIER = com.digimark.DigimarkIOS;
				PRODUCT_NAME = "$(TARGET_NAME)";
				SUPPORTS_MACCATALYST = YES;
				SWIFT_EMIT_LOC_STRINGS = YES;
				SWIFT_VERSION = 5.0;
				TARGETED_DEVICE_FAMILY = "1,2";
			};
			name = Release;
		};
/* End XCBuildConfiguration section */

/* Begin XCConfigurationList section */
		D1F69E4D2865103A00125B63 /* Build configuration list for PBXProject "Digimark" */ = {
			isa = XCConfigurationList;
			buildConfigurations = (
				D1F69E5E2865103E00125B63 /* Debug */,
				D1F69E5F2865103E00125B63 /* Release */,
			);
			defaultConfigurationIsVisible = 0;
			defaultConfigurationName = Release;
		};
		D1F69E602865103E00125B63 /* Build configuration list for PBXNativeTarget "Digimark" */ = {
			isa = XCConfigurationList;
			buildConfigurations = (
				D1F69E612865103E00125B63 /* Debug */,
				D1F69E622865103E00125B63 /* Release */,
			);
			defaultConfigurationIsVisible = 0;
			defaultConfigurationName = Release;
		};
/* End XCConfigurationList section */

/* Begin XCRemoteSwiftPackageReference section */
		D1F69E6A28656A5400125B63 /* XCRemoteSwiftPackageReference "firebase-ios-sdk" */ = {
			isa = XCRemoteSwiftPackageReference;
			repositoryURL = "https://github.com/firebase/firebase-ios-sdk";
			requirement = {
				kind = upToNextMajorVersion;
				minimumVersion = 9.0.0;
			};
		};
/* End XCRemoteSwiftPackageReference section */

/* Begin XCSwiftPackageProductDependency section */
		D1F69E6B28656A5400125B63 /* FirebaseAnalytics */ = {
			isa = XCSwiftPackageProductDependency;
			package = D1F69E6A28656A5400125B63 /* XCRemoteSwiftPackageReference "firebase-ios-sdk" */;
			productName = FirebaseAnalytics;
		};
		D1F69E6D28656A5400125B63 /* FirebaseAuth */ = {
			isa = XCSwiftPackageProductDependency;
			package = D1F69E6A28656A5400125B63 /* XCRemoteSwiftPackageReference "firebase-ios-sdk" */;
			productName = FirebaseAuth;
		};
		D1F69E6F28656A5400125B63 /* FirebaseCrashlytics */ = {
			isa = XCSwiftPackageProductDependency;
			package = D1F69E6A28656A5400125B63 /* XCRemoteSwiftPackageReference "firebase-ios-sdk" */;
			productName = FirebaseCrashlytics;
		};
		D1F69E7128656A5400125B63 /* FirebaseFirestore */ = {
			isa = XCSwiftPackageProductDependency;
			package = D1F69E6A28656A5400125B63 /* XCRemoteSwiftPackageReference "firebase-ios-sdk" */;
			productName = FirebaseFirestore;
		};
		D1F69E7328656A5400125B63 /* FirebaseStorage */ = {
			isa = XCSwiftPackageProductDependency;
			package = D1F69E6A28656A5400125B63 /* XCRemoteSwiftPackageReference "firebase-ios-sdk" */;
			productName = FirebaseStorage;
		};
/* End XCSwiftPackageProductDependency section */
	};
	rootObject = D1F69E4A2865103A00125B63 /* Project object */;
}
